{
  "lockfileVersion": 1,
  "sources": {
    "dyoshikawa/rulesync": {
      "requestedRef": "main",
      "resolvedRef": "9729deb6215823c5e1e2d626c2cf4add3df15214",
      "resolvedAt": "2026-03-30T11:27:41.281Z",
      "skills": {
        "rulesync": {
          "integrity": "sha256-0bad20ec1541ce90c40d89033d2480013b04775c2fe417fb773da53a15bf315c"
        }
      }
    },
    "anthropics/skills": {
      "requestedRef": "main",
      "resolvedRef": "98669c11ca63e9c81c11501e1437e5c47b556621",
      "resolvedAt": "2026-03-30T11:27:46.098Z",
      "skills": {
        "skill-creator": {
          "integrity": "sha256-ad81b72a9ff60274948931e275390da899ad2bcde11baa32430dc2f738233cf3"
        }
      }
    }
  }
}
