<?xml version="1.0" encoding="UTF-8"?>
<Scheme
   LastUpgradeVersion = "1500"
   version = "1.7">
   <BuildAction
      parallelizeBuildables = "YES"
      buildImplicitDependencies = "YES"
      runPostActionsOnFailure = "NO">
      <BuildActionEntries>
         <BuildActionEntry
            buildForTesting = "YES"
            buildForRunning = "YES"
            buildForProfiling = "YES"
            buildForArchiving = "YES"
            buildForAnalyzing = "YES">
            <BuildableReference
               BuildableIdentifier = "primary"
               BlueprintIdentifier = "8B71F48AE7216B5689802404"
               BuildableName = "IXLandLinuxRuntime.framework"
               BlueprintName = "IXLandLinuxRuntime"
               ReferencedContainer = "container:IXLand.xcodeproj">
            </BuildableReference>
         </BuildActionEntry>
         <BuildActionEntry
            buildForTesting = "YES"
            buildForRunning = "YES"
            buildForProfiling = "YES"
            buildForArchiving = "YES"
            buildForAnalyzing = "YES">
            <BuildableReference
               BuildableIdentifier = "primary"
               BlueprintIdentifier = "1C10AF3D9F0341B987C8E504"
               BuildableName = "IXLandTerminal.app"
               BlueprintName = "IXLandTerminal"
               ReferencedContainer = "container:IXLand.xcodeproj">
            </BuildableReference>
         </BuildActionEntry>
      </BuildActionEntries>
   </BuildAction>
   <TestAction
      buildConfiguration = "Debug"
      selectedDebuggerIdentifier = "Xcode.DebuggerFoundation.Debugger.LLDB"
      selectedLauncherIdentifier = "Xcode.DebuggerFoundation.Launcher.LLDB"
      shouldUseLaunchSchemeArgsEnv = "YES"
      codeCoverageEnabled = "YES"
      onlyGenerateCoverageForSpecifiedTargets = "NO">
      <MacroExpansion>
         <BuildableReference
            BuildableIdentifier = "primary"
            BlueprintIdentifier = "1C10AF3D9F0341B987C8E504"
            BuildableName = "IXLandTerminal.app"
            BlueprintName = "IXLandTerminal"
            ReferencedContainer = "container:IXLand.xcodeproj">
         </BuildableReference>
      </MacroExpansion>
      <Testables>
         <TestableReference
            skipped = "NO"
            parallelizable = "YES">
            <BuildableReference
               BuildableIdentifier = "primary"
               BlueprintIdentifier = "19499F623F5EDC6C8CC1DE44"
               BuildableName = "IXLandLinuxRuntimeUnitTests.xctest"
               BlueprintName = "IXLandLinuxRuntimeUnitTests"
               ReferencedContainer = "container:IXLand.xcodeproj">
            </BuildableReference>
         </TestableReference>
         <TestableReference
            skipped = "NO"
            parallelizable = "YES">
            <BuildableReference
               BuildableIdentifier = "primary"
               BlueprintIdentifier = "F6A23F287C95BD4D82ECA577"
               BuildableName = "IXLandLinuxRuntimeFunctionalTests.xctest"
               BlueprintName = "IXLandLinuxRuntimeFunctionalTests"
               ReferencedContainer = "container:IXLand.xcodeproj">
            </BuildableReference>
         </TestableReference>
         <TestableReference
            skipped = "NO"
            parallelizable = "YES">
            <BuildableReference
               BuildableIdentifier = "primary"
               BlueprintIdentifier = "A549863F1B49DC1E151FBF1E"
               BuildableName = "IXLandTerminalUnitTests.xctest"
               BlueprintName = "IXLandTerminalUnitTests"
               ReferencedContainer = "container:IXLand.xcodeproj">
            </BuildableReference>
         </TestableReference>
         <TestableReference
            skipped = "NO"
            parallelizable = "NO">
            <BuildableReference
               BuildableIdentifier = "primary"
               BlueprintIdentifier = "E31936E1AF397D55605846A8"
               BuildableName = "IXLandTerminalEnd2EndTests.xctest"
               BlueprintName = "IXLandTerminalEnd2EndTests"
               ReferencedContainer = "container:IXLand.xcodeproj">
            </BuildableReference>
         </TestableReference>
         <TestableReference
            skipped = "NO"
            parallelizable = "NO">
            <BuildableReference
               BuildableIdentifier = "primary"
               BlueprintIdentifier = "93F2946D503C42A3B8D4CC0B"
               BuildableName = "IXLandLinuxRuntimeEnd2EndTests.xctest"
               BlueprintName = "IXLandLinuxRuntimeEnd2EndTests"
               ReferencedContainer = "container:IXLand.xcodeproj">
            </BuildableReference>
         </TestableReference>
      </Testables>
      <CommandLineArguments>
      </CommandLineArguments>
   </TestAction>
   <LaunchAction
      buildConfiguration = "Debug"
      selectedDebuggerIdentifier = "Xcode.DebuggerFoundation.Debugger.LLDB"
      selectedLauncherIdentifier = "Xcode.DebuggerFoundation.Launcher.LLDB"
      launchStyle = "0"
      useCustomWorkingDirectory = "NO"
      ignoresPersistentStateOnLaunch = "NO"
      debugDocumentVersioning = "YES"
      debugServiceExtension = "internal"
      allowLocationSimulation = "YES">
      <BuildableProductRunnable
         runnableDebuggingMode = "0">
         <BuildableReference
            BuildableIdentifier = "primary"
            BlueprintIdentifier = "1C10AF3D9F0341B987C8E504"
            BuildableName = "IXLandTerminal.app"
            BlueprintName = "IXLandTerminal"
            ReferencedContainer = "container:IXLand.xcodeproj">
         </BuildableReference>
      </BuildableProductRunnable>
      <CommandLineArguments>
      </CommandLineArguments>
   </LaunchAction>
   <ProfileAction
      buildConfiguration = "Release"
      shouldUseLaunchSchemeArgsEnv = "YES"
      savedToolIdentifier = ""
      useCustomWorkingDirectory = "NO"
      debugDocumentVersioning = "YES">
      <BuildableProductRunnable
         runnableDebuggingMode = "0">
         <BuildableReference
            BuildableIdentifier = "primary"
            BlueprintIdentifier = "1C10AF3D9F0341B987C8E504"
            BuildableName = "IXLandTerminal.app"
            BlueprintName = "IXLandTerminal"
            ReferencedContainer = "container:IXLand.xcodeproj">
         </BuildableReference>
      </BuildableProductRunnable>
   </ProfileAction>
   <AnalyzeAction
      buildConfiguration = "Debug">
   </AnalyzeAction>
   <ArchiveAction
      buildConfiguration = "Release"
      revealArchiveInOrganizer = "YES">
   </ArchiveAction>
</Scheme>
