{
  "originHash" : "93ee2b649c1253173493feb386ebc23dde9ead29d99f3cbf91e7f4110368ac81",
  "pins" : [
    {
      "identity" : "libarchive-for-swift",
      "kind" : "remoteSourceControl",
      "location" : "https://github.com/matteo-pacini/libarchive-for-swift",
      "state" : {
        "revision" : "687f4992f771ec25c4456ecd9946ebd75d222dd8",
        "version" : "1.0.0"
      }
    }
  ],
  "version" : 3
}
